// !$*UTF8*$!
{
	archiveVersion = 1;
	classes = {
	};
	objectVersion = 46;
	objects = {

/* Begin PBXBuildFile section */
		0308268F98D709F829CD417C /* Pods_pokepedia.framework in Frameworks */ = {isa = PBXBuildFile; fileRef = 2A2A9611D1968EE0B8B7ADA0 /* Pods_pokepedia.framework */; };
		9307E2721D2D51420061868A /* PokeCell.swift in Sources */ = {isa = PBXBuildFile; fileRef = 9307E2711D2D51420061868A /* PokeCell.swift */; };
		931A200A1DE9F06F006F662C /* Constants.swift in Sources */ = {isa = PBXBuildFile; fileRef = 931A20091DE9F06F006F662C /* Constants.swift */; };
		931A5E1E1DE468A60058914A /* csv.swift in Sources */ = {isa = PBXBuildFile; fileRef = 931A5E1D1DE468A60058914A /* csv.swift */; };
		931A5E231DE83A790058914A /*  pokemon.ttf in Resources */ = {isa = PBXBuildFile; fileRef = 931A5E221DE83A790058914A /*  pokemon.ttf */; };
		931A5E251DE847200058914A /* pokemon_opening.mp3 in Resources */ = {isa = PBXBuildFile; fileRef = 931A5E241DE847200058914A /* pokemon_opening.mp3 */; };
		939E17E21DE8D7A5004DA6D0 /* PokemonDetailVC.swift in Sources */ = {isa = PBXBuildFile; fileRef = 939E17E11DE8D7A5004DA6D0 /* PokemonDetailVC.swift */; };
		93B88B201D19804D00440C52 /* AppDelegate.swift in Sources */ = {isa = PBXBuildFile; fileRef = 93B88B1F1D19804D00440C52 /* AppDelegate.swift */; };
		93B88B221D19804D00440C52 /* ViewController.swift in Sources */ = {isa = PBXBuildFile; fileRef = 93B88B211D19804D00440C52 /* ViewController.swift */; };
		93B88B251D19804D00440C52 /* Main.storyboard in Resources */ = {isa = PBXBuildFile; fileRef = 93B88B231D19804D00440C52 /* Main.storyboard */; };
		93B88B271D19804D00440C52 /* Assets.xcassets in Resources */ = {isa = PBXBuildFile; fileRef = 93B88B261D19804D00440C52 /* Assets.xcassets */; };
		93B88B2A1D19804D00440C52 /* LaunchScreen.storyboard in Resources */ = {isa = PBXBuildFile; fileRef = 93B88B281D19804D00440C52 /* LaunchScreen.storyboard */; };
		93B88B321D25381100440C52 /* pokemon.csv in Resources */ = {isa = PBXBuildFile; fileRef = 93B88B311D25381100440C52 /* pokemon.csv */; };
		93B88B351D2546FB00440C52 /* Pokemon.swift in Sources */ = {isa = PBXBuildFile; fileRef = 93B88B341D2546FB00440C52 /* Pokemon.swift */; };
/* End PBXBuildFile section */

/* Begin PBXFileReference section */
		155610EFD044C82423856971 /* Pods-pokepedia.release.xcconfig */ = {isa = PBXFileReference; includeInIndex = 1; lastKnownFileType = text.xcconfig; name = "Pods-pokepedia.release.xcconfig"; path = "Pods/Target Support Files/Pods-pokepedia/Pods-pokepedia.release.xcconfig"; sourceTree = "<group>"; };
		2A2A9611D1968EE0B8B7ADA0 /* Pods_pokepedia.framework */ = {isa = PBXFileReference; explicitFileType = wrapper.framework; includeInIndex = 0; path = Pods_pokepedia.framework; sourceTree = BUILT_PRODUCTS_DIR; };
		5C483ECFB9BDF6347EDCDE43 /* Pods-pokepedia.debug.xcconfig */ = {isa = PBXFileReference; includeInIndex = 1; lastKnownFileType = text.xcconfig; name = "Pods-pokepedia.debug.xcconfig"; path = "Pods/Target Support Files/Pods-pokepedia/Pods-pokepedia.debug.xcconfig"; sourceTree = "<group>"; };
		9307E2711D2D51420061868A /* PokeCell.swift */ = {isa = PBXFileReference; fileEncoding = 4; lastKnownFileType = sourcecode.swift; path = PokeCell.swift; sourceTree = "<group>"; };
		931A20091DE9F06F006F662C /* Constants.swift */ = {isa = PBXFileReference; fileEncoding = 4; lastKnownFileType = sourcecode.swift; path = Constants.swift; sourceTree = "<group>"; };
		931A5E1D1DE468A60058914A /* csv.swift */ = {isa = PBXFileReference; fileEncoding = 4; lastKnownFileType = sourcecode.swift; name = csv.swift; path = pokepedia/csv.swift; sourceTree = "<group>"; };
		931A5E221DE83A790058914A /*  pokemon.ttf */ = {isa = PBXFileReference; lastKnownFileType = file; path = " pokemon.ttf"; sourceTree = "<group>"; };
		931A5E241DE847200058914A /* pokemon_opening.mp3 */ = {isa = PBXFileReference; lastKnownFileType = audio.mp3; path = pokemon_opening.mp3; sourceTree = "<group>"; };
		939E17E11DE8D7A5004DA6D0 /* PokemonDetailVC.swift */ = {isa = PBXFileReference; fileEncoding = 4; lastKnownFileType = sourcecode.swift; path = PokemonDetailVC.swift; sourceTree = "<group>"; };
		93B88B1C1D19804D00440C52 /* pokepedia.app */ = {isa = PBXFileReference; explicitFileType = wrapper.application; includeInIndex = 0; path = pokepedia.app; sourceTree = BUILT_PRODUCTS_DIR; };
		93B88B1F1D19804D00440C52 /* AppDelegate.swift */ = {isa = PBXFileReference; lastKnownFileType = sourcecode.swift; path = AppDelegate.swift; sourceTree = "<group>"; };
		93B88B211D19804D00440C52 /* ViewController.swift */ = {isa = PBXFileReference; lastKnownFileType = sourcecode.swift; name = ViewController.swift; path = pokepedia/ViewController.swift; sourceTree = "<group>"; };
		93B88B241D19804D00440C52 /* Base */ = {isa = PBXFileReference; lastKnownFileType = file.storyboard; name = Base; path = Base.lproj/Main.storyboard; sourceTree = "<group>"; };
		93B88B261D19804D00440C52 /* Assets.xcassets */ = {isa = PBXFileReference; lastKnownFileType = folder.assetcatalog; path = Assets.xcassets; sourceTree = "<group>"; };
		93B88B291D19804D00440C52 /* Base */ = {isa = PBXFileReference; lastKnownFileType = file.storyboard; name = Base; path = Base.lproj/LaunchScreen.storyboard; sourceTree = "<group>"; };
		93B88B2B1D19804D00440C52 /* Info.plist */ = {isa = PBXFileReference; lastKnownFileType = text.plist.xml; path = Info.plist; sourceTree = "<group>"; };
		93B88B311D25381100440C52 /* pokemon.csv */ = {isa = PBXFileReference; fileEncoding = 4; lastKnownFileType = text; name = pokemon.csv; path = pokepedia/pokemon.csv; sourceTree = "<group>"; };
		93B88B341D2546FB00440C52 /* Pokemon.swift */ = {isa = PBXFileReference; fileEncoding = 4; lastKnownFileType = sourcecode.swift; path = Pokemon.swift; sourceTree = "<group>"; };
/* End PBXFileReference section */

/* Begin PBXFrameworksBuildPhase section */
		93B88B191D19804D00440C52 /* Frameworks */ = {
			isa = PBXFrameworksBuildPhase;
			buildActionMask = 2147483647;
			files = (
				0308268F98D709F829CD417C /* Pods_pokepedia.framework in Frameworks */,
			);
			runOnlyForDeploymentPostprocessing = 0;
		};
/* End PBXFrameworksBuildPhase section */

/* Begin PBXGroup section */
		45C4B66A6923FEA03B743159 /* Pods */ = {
			isa = PBXGroup;
			children = (
				5C483ECFB9BDF6347EDCDE43 /* Pods-pokepedia.debug.xcconfig */,
				155610EFD044C82423856971 /* Pods-pokepedia.release.xcconfig */,
			);
			name = Pods;
			sourceTree = "<group>";
		};
		9307E2701D2D40BD0061868A /* View */ = {
			isa = PBXGroup;
			children = (
				9307E2711D2D51420061868A /* PokeCell.swift */,
			);
			name = View;
			sourceTree = "<group>";
		};
		931A5E1F1DE469070058914A /* Util */ = {
			isa = PBXGroup;
			children = (
				931A5E1D1DE468A60058914A /* csv.swift */,
				931A20091DE9F06F006F662C /* Constants.swift */,
			);
			name = Util;
			path = ..;
			sourceTree = "<group>";
		};
		931A5E201DE469640058914A /* Controller */ = {
			isa = PBXGroup;
			children = (
				93B88B211D19804D00440C52 /* ViewController.swift */,
				939E17E11DE8D7A5004DA6D0 /* PokemonDetailVC.swift */,
			);
			name = Controller;
			path = ..;
			sourceTree = "<group>";
		};
		931A5E211DE4699C0058914A /* Resources */ = {
			isa = PBXGroup;
			children = (
				931A5E241DE847200058914A /* pokemon_opening.mp3 */,
				931A5E221DE83A790058914A /*  pokemon.ttf */,
				93B88B311D25381100440C52 /* pokemon.csv */,
			);
			name = Resources;
			path = ..;
			sourceTree = "<group>";
		};
		93B88B131D19804D00440C52 = {
			isa = PBXGroup;
			children = (
				93B88B1E1D19804D00440C52 /* pokepedia */,
				93B88B1D1D19804D00440C52 /* Products */,
				45C4B66A6923FEA03B743159 /* Pods */,
				9C5FA158D7FFDDE7CF3F8F5B /* Frameworks */,
			);
			sourceTree = "<group>";
		};
		93B88B1D1D19804D00440C52 /* Products */ = {
			isa = PBXGroup;
			children = (
				93B88B1C1D19804D00440C52 /* pokepedia.app */,
			);
			name = Products;
			sourceTree = "<group>";
		};
		93B88B1E1D19804D00440C52 /* pokepedia */ = {
			isa = PBXGroup;
			children = (
				93B88B331D2546E900440C52 /* Model */,
				9307E2701D2D40BD0061868A /* View */,
				931A5E201DE469640058914A /* Controller */,
				931A5E1F1DE469070058914A /* Util */,
				931A5E211DE4699C0058914A /* Resources */,
				93B88B1F1D19804D00440C52 /* AppDelegate.swift */,
				93B88B231D19804D00440C52 /* Main.storyboard */,
				93B88B261D19804D00440C52 /* Assets.xcassets */,
				93B88B281D19804D00440C52 /* LaunchScreen.storyboard */,
				93B88B2B1D19804D00440C52 /* Info.plist */,
			);
			path = pokepedia;
			sourceTree = "<group>";
		};
		93B88B331D2546E900440C52 /* Model */ = {
			isa = PBXGroup;
			children = (
				93B88B341D2546FB00440C52 /* Pokemon.swift */,
			);
			name = Model;
			sourceTree = "<group>";
		};
		9C5FA158D7FFDDE7CF3F8F5B /* Frameworks */ = {
			isa = PBXGroup;
			children = (
				2A2A9611D1968EE0B8B7ADA0 /* Pods_pokepedia.framework */,
			);
			name = Frameworks;
			sourceTree = "<group>";
		};
/* End PBXGroup section */

/* Begin PBXNativeTarget section */
		93B88B1B1D19804D00440C52 /* pokepedia */ = {
			isa = PBXNativeTarget;
			buildConfigurationList = 93B88B2E1D19804D00440C52 /* Build configuration list for PBXNativeTarget "pokepedia" */;
			buildPhases = (
				85202D330D3F9EAB71FCADBE /* [CP] Check Pods Manifest.lock */,
				93B88B181D19804D00440C52 /* Sources */,
				93B88B191D19804D00440C52 /* Frameworks */,
				93B88B1A1D19804D00440C52 /* Resources */,
				5A7169368F1E247296BEEEF5 /* [CP] Embed Pods Frameworks */,
				B30476F4AC37E882BB843C86 /* [CP] Copy Pods Resources */,
			);
			buildRules = (
			);
			dependencies = (
			);
			name = pokepedia;
			productName = pokepedia;
			productReference = 93B88B1C1D19804D00440C52 /* pokepedia.app */;
			productType = "com.apple.product-type.application";
		};
/* End PBXNativeTarget section */

/* Begin PBXProject section */
		93B88B141D19804D00440C52 /* Project object */ = {
			isa = PBXProject;
			attributes = {
				LastSwiftUpdateCheck = 0730;
				LastUpgradeCheck = 0730;
				ORGANIZATIONNAME = Roman.Rudavskiy;
				TargetAttributes = {
					93B88B1B1D19804D00440C52 = {
						CreatedOnToolsVersion = 7.3;
						LastSwiftMigration = 0810;
					};
				};
			};
			buildConfigurationList = 93B88B171D19804D00440C52 /* Build configuration list for PBXProject "pokepedia" */;
			compatibilityVersion = "Xcode 3.2";
			developmentRegion = English;
			hasScannedForEncodings = 0;
			knownRegions = (
				en,
				Base,
			);
			mainGroup = 93B88B131D19804D00440C52;
			productRefGroup = 93B88B1D1D19804D00440C52 /* Products */;
			projectDirPath = "";
			projectRoot = "";
			targets = (
				93B88B1B1D19804D00440C52 /* pokepedia */,
			);
		};
/* End PBXProject section */

/* Begin PBXResourcesBuildPhase section */
		93B88B1A1D19804D00440C52 /* Resources */ = {
			isa = PBXResourcesBuildPhase;
			buildActionMask = 2147483647;
			files = (
				93B88B2A1D19804D00440C52 /* LaunchScreen.storyboard in Resources */,
				931A5E251DE847200058914A /* pokemon_opening.mp3 in Resources */,
				93B88B271D19804D00440C52 /* Assets.xcassets in Resources */,
				93B88B321D25381100440C52 /* pokemon.csv in Resources */,
				93B88B251D19804D00440C52 /* Main.storyboard in Resources */,
				931A5E231DE83A790058914A /*  pokemon.ttf in Resources */,
			);
			runOnlyForDeploymentPostprocessing = 0;
		};
/* End PBXResourcesBuildPhase section */

/* Begin PBXShellScriptBuildPhase section */
		5A7169368F1E247296BEEEF5 /* [CP] Embed Pods Frameworks */ = {
			isa = PBXShellScriptBuildPhase;
			buildActionMask = 2147483647;
			files = (
			);
			inputPaths = (
			);
			name = "[CP] Embed Pods Frameworks";
			outputPaths = (
			);
			runOnlyForDeploymentPostprocessing = 0;
			shellPath = /bin/sh;
			shellScript = "\"${SRCROOT}/Pods/Target Support Files/Pods-pokepedia/Pods-pokepedia-frameworks.sh\"\n";
			showEnvVarsInLog = 0;
		};
		85202D330D3F9EAB71FCADBE /* [CP] Check Pods Manifest.lock */ = {
			isa = PBXShellScriptBuildPhase;
			buildActionMask = 2147483647;
			files = (
			);
			inputPaths = (
			);
			name = "[CP] Check Pods Manifest.lock";
			outputPaths = (
			);
			runOnlyForDeploymentPostprocessing = 0;
			shellPath = /bin/sh;
			shellScript = "diff \"${PODS_ROOT}/../Podfile.lock\" \"${PODS_ROOT}/Manifest.lock\" > /dev/null\nif [ $? != 0 ] ; then\n    # print error to STDERR\n    echo \"error: The sandbox is not in sync with the Podfile.lock. Run 'pod install' or update your CocoaPods installation.\" >&2\n    exit 1\nfi\n";
			showEnvVarsInLog = 0;
		};
		B30476F4AC37E882BB843C86 /* [CP] Copy Pods Resources */ = {
			isa = PBXShellScriptBuildPhase;
			buildActionMask = 2147483647;
			files = (
			);
			inputPaths = (
			);
			name = "[CP] Copy Pods Resources";
			outputPaths = (
			);
			runOnlyForDeploymentPostprocessing = 0;
			shellPath = /bin/sh;
			shellScript = "\"${SRCROOT}/Pods/Target Support Files/Pods-pokepedia/Pods-pokepedia-resources.sh\"\n";
			showEnvVarsInLog = 0;
		};
/* End PBXShellScriptBuildPhase section */

/* Begin PBXSourcesBuildPhase section */
		93B88B181D19804D00440C52 /* Sources */ = {
			isa = PBXSourcesBuildPhase;
			buildActionMask = 2147483647;
			files = (
				9307E2721D2D51420061868A /* PokeCell.swift in Sources */,
				93B88B221D19804D00440C52 /* ViewController.swift in Sources */,
				93B88B201D19804D00440C52 /* AppDelegate.swift in Sources */,
				939E17E21DE8D7A5004DA6D0 /* PokemonDetailVC.swift in Sources */,
				931A200A1DE9F06F006F662C /* Constants.swift in Sources */,
				93B88B351D2546FB00440C52 /* Pokemon.swift in Sources */,
				931A5E1E1DE468A60058914A /* csv.swift in Sources */,
			);
			runOnlyForDeploymentPostprocessing = 0;
		};
/* End PBXSourcesBuildPhase section */

/* Begin PBXVariantGroup section */
		93B88B231D19804D00440C52 /* Main.storyboard */ = {
			isa = PBXVariantGroup;
			children = (
				93B88B241D19804D00440C52 /* Base */,
			);
			name = Main.storyboard;
			sourceTree = "<group>";
		};
		93B88B281D19804D00440C52 /* LaunchScreen.storyboard */ = {
			isa = PBXVariantGroup;
			children = (
				93B88B291D19804D00440C52 /* Base */,
			);
			name = LaunchScreen.storyboard;
			sourceTree = "<group>";
		};
/* End PBXVariantGroup section */

/* Begin XCBuildConfiguration section */
		93B88B2C1D19804D00440C52 /* Debug */ = {
			isa = XCBuildConfiguration;
			buildSettings = {
				ALWAYS_SEARCH_USER_PATHS = NO;
				CLANG_ANALYZER_NONNULL = YES;
				CLANG_CXX_LANGUAGE_STANDARD = "gnu++0x";
				CLANG_CXX_LIBRARY = "libc++";
				CLANG_ENABLE_MODULES = YES;
				CLANG_ENABLE_OBJC_ARC = YES;
				CLANG_WARN_BOOL_CONVERSION = YES;
				CLANG_WARN_CONSTANT_CONVERSION = YES;
				CLANG_WARN_DIRECT_OBJC_ISA_USAGE = YES_ERROR;
				CLANG_WARN_EMPTY_BODY = YES;
				CLANG_WARN_ENUM_CONVERSION = YES;
				CLANG_WARN_INT_CONVERSION = YES;
				CLANG_WARN_OBJC_ROOT_CLASS = YES_ERROR;
				CLANG_WARN_UNREACHABLE_CODE = YES;
				CLANG_WARN__DUPLICATE_METHOD_MATCH = YES;
				"CODE_SIGN_IDENTITY[sdk=iphoneos*]" = "iPhone Developer";
				COPY_PHASE_STRIP = NO;
				DEBUG_INFORMATION_FORMAT = dwarf;
				ENABLE_STRICT_OBJC_MSGSEND = YES;
				ENABLE_TESTABILITY = YES;
				GCC_C_LANGUAGE_STANDARD = gnu99;
				GCC_DYNAMIC_NO_PIC = NO;
				GCC_NO_COMMON_BLOCKS = YES;
				GCC_OPTIMIZATION_LEVEL = 0;
				GCC_PREPROCESSOR_DEFINITIONS = (
					"DEBUG=1",
					"$(inherited)",
				);
				GCC_WARN_64_TO_32_BIT_CONVERSION = YES;
				GCC_WARN_ABOUT_RETURN_TYPE = YES_ERROR;
				GCC_WARN_UNDECLARED_SELECTOR = YES;
				GCC_WARN_UNINITIALIZED_AUTOS = YES_AGGRESSIVE;
				GCC_WARN_UNUSED_FUNCTION = YES;
				GCC_WARN_UNUSED_VARIABLE = YES;
				IPHONEOS_DEPLOYMENT_TARGET = 9.3;
				MTL_ENABLE_DEBUG_INFO = YES;
				ONLY_ACTIVE_ARCH = YES;
				SDKROOT = iphoneos;
				SWIFT_OPTIMIZATION_LEVEL = "-Onone";
				TARGETED_DEVICE_FAMILY = "1,2";
			};
			name = Debug;
		};
		93B88B2D1D19804D00440C52 /* Release */ = {
			isa = XCBuildConfiguration;
			buildSettings = {
				ALWAYS_SEARCH_USER_PATHS = NO;
				CLANG_ANALYZER_NONNULL = YES;
				CLANG_CXX_LANGUAGE_STANDARD = "gnu++0x";
				CLANG_CXX_LIBRARY = "libc++";
				CLANG_ENABLE_MODULES = YES;
				CLANG_ENABLE_OBJC_ARC = YES;
				CLANG_WARN_BOOL_CONVERSION = YES;
				CLANG_WARN_CONSTANT_CONVERSION = YES;
				CLANG_WARN_DIRECT_OBJC_ISA_USAGE = YES_ERROR;
				CLANG_WARN_EMPTY_BODY = YES;
				CLANG_WARN_ENUM_CONVERSION = YES;
				CLANG_WARN_INT_CONVERSION = YES;
				CLANG_WARN_OBJC_ROOT_CLASS = YES_ERROR;
				CLANG_WARN_UNREACHABLE_CODE = YES;
				CLANG_WARN__DUPLICATE_METHOD_MATCH = YES;
				"CODE_SIGN_IDENTITY[sdk=iphoneos*]" = "iPhone Developer";
				COPY_PHASE_STRIP = NO;
				DEBUG_INFORMATION_FORMAT = "dwarf-with-dsym";
				ENABLE_NS_ASSERTIONS = NO;
				ENABLE_STRICT_OBJC_MSGSEND = YES;
				GCC_C_LANGUAGE_STANDARD = gnu99;
				GCC_NO_COMMON_BLOCKS = YES;
				GCC_WARN_64_TO_32_BIT_CONVERSION = YES;
				GCC_WARN_ABOUT_RETURN_TYPE = YES_ERROR;
				GCC_WARN_UNDECLARED_SELECTOR = YES;
				GCC_WARN_UNINITIALIZED_AUTOS = YES_AGGRESSIVE;
				GCC_WARN_UNUSED_FUNCTION = YES;
				GCC_WARN_UNUSED_VARIABLE = YES;
				IPHONEOS_DEPLOYMENT_TARGET = 9.3;
				MTL_ENABLE_DEBUG_INFO = NO;
				SDKROOT = iphoneos;
				TARGETED_DEVICE_FAMILY = "1,2";
				VALIDATE_PRODUCT = YES;
			};
			name = Release;
		};
		93B88B2F1D19804D00440C52 /* Debug */ = {
			isa = XCBuildConfiguration;
			baseConfigurationReference = 5C483ECFB9BDF6347EDCDE43 /* Pods-pokepedia.debug.xcconfig */;
			buildSettings = {
				ASSETCATALOG_COMPILER_APPICON_NAME = AppIcon;
				INFOPLIST_FILE = pokepedia/Info.plist;
				LD_RUNPATH_SEARCH_PATHS = "$(inherited) @executable_path/Frameworks";
				PRODUCT_BUNDLE_IDENTIFIER = RR.pokepedia;
				PRODUCT_NAME = "$(TARGET_NAME)";
				SWIFT_VERSION = 3.0;
			};
			name = Debug;
		};
		93B88B301D19804D00440C52 /* Release */ = {
			isa = XCBuildConfiguration;
			baseConfigurationReference = 155610EFD044C82423856971 /* Pods-pokepedia.release.xcconfig */;
			buildSettings = {
				ASSETCATALOG_COMPILER_APPICON_NAME = AppIcon;
				INFOPLIST_FILE = pokepedia/Info.plist;
				LD_RUNPATH_SEARCH_PATHS = "$(inherited) @executable_path/Frameworks";
				PRODUCT_BUNDLE_IDENTIFIER = RR.pokepedia;
				PRODUCT_NAME = "$(TARGET_NAME)";
				SWIFT_VERSION = 3.0;
			};
			name = Release;
		};
/* End XCBuildConfiguration section */

/* Begin XCConfigurationList section */
		93B88B171D19804D00440C52 /* Build configuration list for PBXProject "pokepedia" */ = {
			isa = XCConfigurationList;
			buildConfigurations = (
				93B88B2C1D19804D00440C52 /* Debug */,
				93B88B2D1D19804D00440C52 /* Release */,
			);
			defaultConfigurationIsVisible = 0;
			defaultConfigurationName = Release;
		};
		93B88B2E1D19804D00440C52 /* Build configuration list for PBXNativeTarget "pokepedia" */ = {
			isa = XCConfigurationList;
			buildConfigurations = (
				93B88B2F1D19804D00440C52 /* Debug */,
				93B88B301D19804D00440C52 /* Release */,
			);
			defaultConfigurationIsVisible = 0;
			defaultConfigurationName = Release;
		};
/* End XCConfigurationList section */
	};
	rootObject = 93B88B141D19804D00440C52 /* Project object */;
}
